
Microsoft Visual Studio Solution File, Format Version 12.00
Project("{FAE04EC0-301F-11D3-BF4B-00C04F79EFBC}") = "API", "API\API.csproj", "{49345F2E-C81A-4F18-A207-11E04D0A21CC}"
EndProject
Project("{FAE04EC0-301F-11D3-BF4B-00C04F79EFBC}") = "Application", "Application\Application.csproj", "{E6EF362D-0898-4095-BD78-B8BC18BC32C3}"
EndProject
Project("{FAE04EC0-301F-11D3-BF4B-00C04F79EFBC}") = "Core", "Core\Core.csproj", "{106D202E-D69B-4615-8280-76EDDD0A9807}"
EndProject
Project("{FAE04EC0-301F-11D3-BF4B-00C04F79EFBC}") = "Infrastructure", "Infrastructure\Infrastructure.csproj", "{8FACFCD2-010D-4C10-A077-6B3A19381DB0}"
EndProject
Global
	GlobalSection(SolutionConfigurationPlatforms) = preSolution
		Debug|Any CPU = Debug|Any CPU
		Release|Any CPU = Release|Any CPU
	EndGlobalSection
	GlobalSection(ProjectConfigurationPlatforms) = postSolution
		{49345F2E-C81A-4F18-A207-11E04D0A21CC}.Debug|Any CPU.ActiveCfg = Debug|Any CPU
		{49345F2E-C81A-4F18-A207-11E04D0A21CC}.Debug|Any CPU.Build.0 = Debug|Any CPU
		{49345F2E-C81A-4F18-A207-11E04D0A21CC}.Release|Any CPU.ActiveCfg = Release|Any CPU
		{49345F2E-C81A-4F18-A207-11E04D0A21CC}.Release|Any CPU.Build.0 = Release|Any CPU
		{E6EF362D-0898-4095-BD78-B8BC18BC32C3}.Debug|Any CPU.ActiveCfg = Debug|Any CPU
		{E6EF362D-0898-4095-BD78-B8BC18BC32C3}.Debug|Any CPU.Build.0 = Debug|Any CPU
		{E6EF362D-0898-4095-BD78-B8BC18BC32C3}.Release|Any CPU.ActiveCfg = Release|Any CPU
		{E6EF362D-0898-4095-BD78-B8BC18BC32C3}.Release|Any CPU.Build.0 = Release|Any CPU
		{106D202E-D69B-4615-8280-76EDDD0A9807}.Debug|Any CPU.ActiveCfg = Debug|Any CPU
		{106D202E-D69B-4615-8280-76EDDD0A9807}.Debug|Any CPU.Build.0 = Debug|Any CPU
		{106D202E-D69B-4615-8280-76EDDD0A9807}.Release|Any CPU.ActiveCfg = Release|Any CPU
		{106D202E-D69B-4615-8280-76EDDD0A9807}.Release|Any CPU.Build.0 = Release|Any CPU
		{8FACFCD2-010D-4C10-A077-6B3A19381DB0}.Debug|Any CPU.ActiveCfg = Debug|Any CPU
		{8FACFCD2-010D-4C10-A077-6B3A19381DB0}.Debug|Any CPU.Build.0 = Debug|Any CPU
		{8FACFCD2-010D-4C10-A077-6B3A19381DB0}.Release|Any CPU.ActiveCfg = Release|Any CPU
		{8FACFCD2-010D-4C10-A077-6B3A19381DB0}.Release|Any CPU.Build.0 = Release|Any CPU
	EndGlobalSection
EndGlobal
